
Microsoft Visual Studio Solution File, Format Version 12.00
# Visual Studio 2013
VisualStudioVersion = 12.0.31101.0
MinimumVisualStudioVersion = 10.0.40219.1
Project("{FAE04EC0-301F-11D3-BF4B-00C04F79EFBC}") = "IService", "IService\IService.csproj", "{0491EDDD-EF06-415C-B528-CC85EF306FFB}"
EndProject
Project("{FAE04EC0-301F-11D3-BF4B-00C04F79EFBC}") = "FirstService", "FirstService\FirstService.csproj", "{B65FBD4D-9DF8-4FED-8D15-11D72497ACC1}"
EndProject
Project("{FAE04EC0-301F-11D3-BF4B-00C04F79EFBC}") = "SecondService", "SecondService\SecondService.csproj", "{54E94BB5-6ECB-4EB7-9479-9A0208F23D23}"
EndProject
Project("{FAE04EC0-301F-11D3-BF4B-00C04F79EFBC}") = "Client", "Client\Client.csproj", "{ADE20AC3-9E4A-4108-A149-F752D16FD201}"
EndProject
Project("{FAE04EC0-301F-11D3-BF4B-00C04F79EFBC}") = "LoadBalancer", "LoadBalancer\LoadBalancer.csproj", "{D23FB866-1163-4155-BE66-7A979F6870B3}"
EndProject
Global
	GlobalSection(SolutionConfigurationPlatforms) = preSolution
		Debug|Any CPU = Debug|Any CPU
		Release|Any CPU = Release|Any CPU
	EndGlobalSection
	GlobalSection(ProjectConfigurationPlatforms) = postSolution
		{0491EDDD-EF06-415C-B528-CC85EF306FFB}.Debug|Any CPU.ActiveCfg = Debug|Any CPU
		{0491EDDD-EF06-415C-B528-CC85EF306FFB}.Debug|Any CPU.Build.0 = Debug|Any CPU
		{0491EDDD-EF06-415C-B528-CC85EF306FFB}.Release|Any CPU.ActiveCfg = Release|Any CPU
		{0491EDDD-EF06-415C-B528-CC85EF306FFB}.Release|Any CPU.Build.0 = Release|Any CPU
		{B65FBD4D-9DF8-4FED-8D15-11D72497ACC1}.Debug|Any CPU.ActiveCfg = Debug|Any CPU
		{B65FBD4D-9DF8-4FED-8D15-11D72497ACC1}.Debug|Any CPU.Build.0 = Debug|Any CPU
		{B65FBD4D-9DF8-4FED-8D15-11D72497ACC1}.Release|Any CPU.ActiveCfg = Release|Any CPU
		{B65FBD4D-9DF8-4FED-8D15-11D72497ACC1}.Release|Any CPU.Build.0 = Release|Any CPU
		{54E94BB5-6ECB-4EB7-9479-9A0208F23D23}.Debug|Any CPU.ActiveCfg = Debug|Any CPU
		{54E94BB5-6ECB-4EB7-9479-9A0208F23D23}.Debug|Any CPU.Build.0 = Debug|Any CPU
		{54E94BB5-6ECB-4EB7-9479-9A0208F23D23}.Release|Any CPU.ActiveCfg = Release|Any CPU
		{54E94BB5-6ECB-4EB7-9479-9A0208F23D23}.Release|Any CPU.Build.0 = Release|Any CPU
		{ADE20AC3-9E4A-4108-A149-F752D16FD201}.Debug|Any CPU.ActiveCfg = Debug|Any CPU
		{ADE20AC3-9E4A-4108-A149-F752D16FD201}.Debug|Any CPU.Build.0 = Debug|Any CPU
		{ADE20AC3-9E4A-4108-A149-F752D16FD201}.Release|Any CPU.ActiveCfg = Release|Any CPU
		{ADE20AC3-9E4A-4108-A149-F752D16FD201}.Release|Any CPU.Build.0 = Release|Any CPU
		{D23FB866-1163-4155-BE66-7A979F6870B3}.Debug|Any CPU.ActiveCfg = Debug|Any CPU
		{D23FB866-1163-4155-BE66-7A979F6870B3}.Debug|Any CPU.Build.0 = Debug|Any CPU
		{D23FB866-1163-4155-BE66-7A979F6870B3}.Release|Any CPU.ActiveCfg = Release|Any CPU
		{D23FB866-1163-4155-BE66-7A979F6870B3}.Release|Any CPU.Build.0 = Release|Any CPU
	EndGlobalSection
	GlobalSection(SolutionProperties) = preSolution
		HideSolutionNode = FALSE
	EndGlobalSection
EndGlobal
