
Microsoft Visual Studio Solution File, Format Version 12.00
# Visual Studio 2013
VisualStudioVersion = 12.0.31101.0
MinimumVisualStudioVersion = 10.0.40219.1
Project("{FAE04EC0-301F-11D3-BF4B-00C04F79EFBC}") = "Service", "Service\Service.csproj", "{DFB02D55-F2CA-4FBA-A443-E78C4FD52EC4}"
EndProject
Project("{2150E333-8FDC-42A3-9474-1A3956D46DE8}") = "Resources", "Resources", "{C6309B65-6D5D-467E-A478-875E8CB1F139}"
	ProjectSection(SolutionItems) = preProject
		UEFA.json = UEFA.json
	EndProjectSection
EndProject
Global
	GlobalSection(SolutionConfigurationPlatforms) = preSolution
		Debug|Any CPU = Debug|Any CPU
		Release|Any CPU = Release|Any CPU
	EndGlobalSection
	GlobalSection(ProjectConfigurationPlatforms) = postSolution
		{DFB02D55-F2CA-4FBA-A443-E78C4FD52EC4}.Debug|Any CPU.ActiveCfg = Debug|Any CPU
		{DFB02D55-F2CA-4FBA-A443-E78C4FD52EC4}.Debug|Any CPU.Build.0 = Debug|Any CPU
		{DFB02D55-F2CA-4FBA-A443-E78C4FD52EC4}.Release|Any CPU.ActiveCfg = Release|Any CPU
		{DFB02D55-F2CA-4FBA-A443-E78C4FD52EC4}.Release|Any CPU.Build.0 = Release|Any CPU
	EndGlobalSection
	GlobalSection(SolutionProperties) = preSolution
		HideSolutionNode = FALSE
	EndGlobalSection
EndGlobal
